
Microsoft Visual Studio Solution File, Format Version 12.00
# Visual Studio Version 17
VisualStudioVersion = 17.9.34728.123
MinimumVisualStudioVersion = 10.0.40219.1
Project("{FAE04EC0-301F-11D3-BF4B-00C04F79EFBC}") = "Labb3Api", "Labb3Api.csproj", "{F456AAEA-4D9F-464C-9826-E010E6352101}"
EndProject
Global
	GlobalSection(SolutionConfigurationPlatforms) = preSolution
		Debug|Any CPU = Debug|Any CPU
		Release|Any CPU = Release|Any CPU
	EndGlobalSection
	GlobalSection(ProjectConfigurationPlatforms) = postSolution
		{F456AAEA-4D9F-464C-9826-E010E6352101}.Debug|Any CPU.ActiveCfg = Debug|Any CPU
		{F456AAEA-4D9F-464C-9826-E010E6352101}.Debug|Any CPU.Build.0 = Debug|Any CPU
		{F456AAEA-4D9F-464C-9826-E010E6352101}.Release|Any CPU.ActiveCfg = Release|Any CPU
		{F456AAEA-4D9F-464C-9826-E010E6352101}.Release|Any CPU.Build.0 = Release|Any CPU
	EndGlobalSection
	GlobalSection(SolutionProperties) = preSolution
		HideSolutionNode = FALSE
	EndGlobalSection
	GlobalSection(ExtensibilityGlobals) = postSolution
		SolutionGuid = {3539B5BA-E180-4C86-A8E5-873A4CE8E0C6}
	EndGlobalSection
EndGlobal
